// !$*UTF8*$!
{
	archiveVersion = 1;
	classes = {
	};
	objectVersion = 77;
	objects = {

/* Begin PBXBuildFile section */
		1E0498D52D9BC87400EE04EC /* index.md in Resources */ = {isa = PBXBuildFile; fileRef = 1E0498D42D9BC86B00EE04EC /* index.md */; };
		1E0498D62D9BC87400EE04EC /* index.md in Resources */ = {isa = PBXBuildFile; fileRef = 1E0498D42D9BC86B00EE04EC /* index.md */; };
		1E0498D72D9BC87400EE04EC /* index.md in Resources */ = {isa = PBXBuildFile; fileRef = 1E0498D42D9BC86B00EE04EC /* index.md */; };
		1E0498D82D9BC87400EE04EC /* index.md in Resources */ = {isa = PBXBuildFile; fileRef = 1E0498D42D9BC86B00EE04EC /* index.md */; };
		1E0921CA2D97ADC800852F14 /* GoogleMobileAds in Frameworks */ = {isa = PBXBuildFile; productRef = 1E0921C92D97ADC800852F14 /* GoogleMobileAds */; };
		1E0DA7442D9E1CB000AE0D31 /* AsyncAlgorithms in Frameworks */ = {isa = PBXBuildFile; productRef = 1E0DA7432D9E1CB000AE0D31 /* AsyncAlgorithms */; };
		1E0DA7462D9E1D2200AE0D31 /* FirebaseCore in Frameworks */ = {isa = PBXBuildFile; productRef = 1E0DA7452D9E1D2200AE0D31 /* FirebaseCore */; };
		1E21CDEF2D93715B000F7451 /* WidgetKit.framework in Frameworks */ = {isa = PBXBuildFile; fileRef = 1ECDCF802D8ECF3600123E99 /* WidgetKit.framework */; };
		1E21CDF02D93715B000F7451 /* SwiftUI.framework in Frameworks */ = {isa = PBXBuildFile; fileRef = 1ECDCF822D8ECF3700123E99 /* SwiftUI.framework */; };
		1E21CE012D93715C000F7451 /* MotiWidgetExtension.appex in Embed Foundation Extensions */ = {isa = PBXBuildFile; fileRef = 1E21CDEE2D93715B000F7451 /* MotiWidgetExtension.appex */; settings = {ATTRIBUTES = (RemoveHeadersOnCopy, ); }; };
		1E5EB4042D9FCA5100E56C10 /* FirebaseCore in Frameworks */ = {isa = PBXBuildFile; productRef = 1E0DA7472D9E1D5100AE0D31 /* FirebaseCore */; };
		1E5EB4052D9FCA5100E56C10 /* FirebaseFirestore in Frameworks */ = {isa = PBXBuildFile; productRef = 1E0DA7492D9E1D5100AE0D31 /* FirebaseFirestore */; };
		1E5EB4062D9FCA5100E56C10 /* AsyncAlgorithms in Frameworks */ = {isa = PBXBuildFile; productRef = 1E0DA74B2D9E1D6000AE0D31 /* AsyncAlgorithms */; };
		1E5EB4072D9FCA5100E56C10 /* FirebaseAppCheck in Frameworks */ = {isa = PBXBuildFile; productRef = 1E0DA74D2D9E1D9600AE0D31 /* FirebaseAppCheck */; };
		1E5EB4082D9FCA5100E56C10 /* FirebaseCrashlytics in Frameworks */ = {isa = PBXBuildFile; productRef = 1E0DA74F2D9E1D9600AE0D31 /* FirebaseCrashlytics */; };
		1E6A60202D94CC2800AD9399 /* GoogleService-Info.plist in Resources */ = {isa = PBXBuildFile; fileRef = 1E6A601F2D94CC2800AD9399 /* GoogleService-Info.plist */; };
		1E6A60212D94CC2800AD9399 /* GoogleService-Info.plist in Resources */ = {isa = PBXBuildFile; fileRef = 1E6A601F2D94CC2800AD9399 /* GoogleService-Info.plist */; };
		1E6A60222D94CC2800AD9399 /* GoogleService-Info.plist in Resources */ = {isa = PBXBuildFile; fileRef = 1E6A601F2D94CC2800AD9399 /* GoogleService-Info.plist */; };
		1E6A60232D94CC2800AD9399 /* GoogleService-Info.plist in Resources */ = {isa = PBXBuildFile; fileRef = 1E6A601F2D94CC2800AD9399 /* GoogleService-Info.plist */; };
		1E6A60262D94CE8900AD9399 /* FirebaseAnalytics in Frameworks */ = {isa = PBXBuildFile; productRef = 1E6A60252D94CE8900AD9399 /* FirebaseAnalytics */; };
		1E6A60282D94CE8900AD9399 /* FirebaseFirestore in Frameworks */ = {isa = PBXBuildFile; productRef = 1E6A60272D94CE8900AD9399 /* FirebaseFirestore */; };
		1E6A602D2D94DA3B00AD9399 /* FirebaseAppCheck in Frameworks */ = {isa = PBXBuildFile; productRef = 1E6A602C2D94DA3B00AD9399 /* FirebaseAppCheck */; };
		1E6A602F2D94DA6200AD9399 /* FirebaseCrashlytics in Frameworks */ = {isa = PBXBuildFile; productRef = 1E6A602E2D94DA6200AD9399 /* FirebaseCrashlytics */; };
		1E6A60322D9511A600AD9399 /* AppTrackingTransparency.framework in Frameworks */ = {isa = PBXBuildFile; fileRef = 1E6A60312D9511A600AD9399 /* AppTrackingTransparency.framework */; };
		1EED66DE2D9E255900E04C7B /* AsyncAlgorithms in Frameworks */ = {isa = PBXBuildFile; productRef = 1EED66DD2D9E255900E04C7B /* AsyncAlgorithms */; };
		1EED66E02D9E256100E04C7B /* AsyncAlgorithms in Frameworks */ = {isa = PBXBuildFile; productRef = 1EED66DF2D9E256100E04C7B /* AsyncAlgorithms */; };
/* End PBXBuildFile section */

/* Begin PBXContainerItemProxy section */
		1E21CDFF2D93715C000F7451 /* PBXContainerItemProxy */ = {
			isa = PBXContainerItemProxy;
			containerPortal = 1E4183382D8EC71100AAEC12 /* Project object */;
			proxyType = 1;
			remoteGlobalIDString = 1E21CDED2D93715B000F7451;
			remoteInfo = MotiWidgetExtension;
		};
		1E4183512D8EC71300AAEC12 /* PBXContainerItemProxy */ = {
			isa = PBXContainerItemProxy;
			containerPortal = 1E4183382D8EC71100AAEC12 /* Project object */;
			proxyType = 1;
			remoteGlobalIDString = 1E41833F2D8EC71100AAEC12;
			remoteInfo = motivationalQuotes;
		};
		1E41835B2D8EC71300AAEC12 /* PBXContainerItemProxy */ = {
			isa = PBXContainerItemProxy;
			containerPortal = 1E4183382D8EC71100AAEC12 /* Project object */;
			proxyType = 1;
			remoteGlobalIDString = 1E41833F2D8EC71100AAEC12;
			remoteInfo = motivationalQuotes;
		};
/* End PBXContainerItemProxy section */

/* Begin PBXCopyFilesBuildPhase section */
		1ECDCF952D8ECF3A00123E99 /* Embed Foundation Extensions */ = {
			isa = PBXCopyFilesBuildPhase;
			buildActionMask = 2147483647;
			dstPath = "";
			dstSubfolderSpec = 13;
			files = (
				1E21CE012D93715C000F7451 /* MotiWidgetExtension.appex in Embed Foundation Extensions */,
			);
			name = "Embed Foundation Extensions";
			runOnlyForDeploymentPostprocessing = 0;
		};
/* End PBXCopyFilesBuildPhase section */

/* Begin PBXFileReference section */
		1E0498D42D9BC86B00EE04EC /* index.md */ = {isa = PBXFileReference; lastKnownFileType = net.daringfireball.markdown; path = index.md; sourceTree = "<group>"; };
		1E21CDEE2D93715B000F7451 /* MotiWidgetExtension.appex */ = {isa = PBXFileReference; explicitFileType = "wrapper.app-extension"; includeInIndex = 0; path = MotiWidgetExtension.appex; sourceTree = BUILT_PRODUCTS_DIR; };
		1E21CE062D937197000F7451 /* MotiWidgetExtension.entitlements */ = {isa = PBXFileReference; lastKnownFileType = text.plist.entitlements; path = MotiWidgetExtension.entitlements; sourceTree = "<group>"; };
		1E4183402D8EC71100AAEC12 /* Moti.app */ = {isa = PBXFileReference; explicitFileType = wrapper.application; includeInIndex = 0; path = Moti.app; sourceTree = BUILT_PRODUCTS_DIR; };
		1E4183502D8EC71300AAEC12 /* MotiTests.xctest */ = {isa = PBXFileReference; explicitFileType = wrapper.cfbundle; includeInIndex = 0; path = MotiTests.xctest; sourceTree = BUILT_PRODUCTS_DIR; };
		1E41835A2D8EC71300AAEC12 /* MotiUITests.xctest */ = {isa = PBXFileReference; explicitFileType = wrapper.cfbundle; includeInIndex = 0; path = MotiUITests.xctest; sourceTree = BUILT_PRODUCTS_DIR; };
		1E61DA2F2D92870E006A63EA /* Moti.entitlements */ = {isa = PBXFileReference; lastKnownFileType = text.plist.entitlements; name = Moti.entitlements; path = Moti/Moti.entitlements; sourceTree = "<group>"; };
		1E6A601F2D94CC2800AD9399 /* GoogleService-Info.plist */ = {isa = PBXFileReference; lastKnownFileType = text.plist.xml; path = "GoogleService-Info.plist"; sourceTree = "<group>"; };
		1E6A60302D95103200AD9399 /* Info.plist */ = {isa = PBXFileReference; lastKnownFileType = text.plist; name = Info.plist; path = Moti/Info.plist; sourceTree = "<group>"; };
		1E6A60312D9511A600AD9399 /* AppTrackingTransparency.framework */ = {isa = PBXFileReference; lastKnownFileType = wrapper.framework; name = AppTrackingTransparency.framework; path = System/Library/Frameworks/AppTrackingTransparency.framework; sourceTree = SDKROOT; };
		1E93074F2D9E445A00B0C441 /* XCTest.framework */ = {isa = PBXFileReference; lastKnownFileType = wrapper.framework; name = XCTest.framework; path = Platforms/iPhoneOS.platform/Developer/Library/Frameworks/XCTest.framework; sourceTree = DEVELOPER_DIR; };
		1ECDCF802D8ECF3600123E99 /* WidgetKit.framework */ = {isa = PBXFileReference; lastKnownFileType = wrapper.framework; name = WidgetKit.framework; path = System/Library/Frameworks/WidgetKit.framework; sourceTree = SDKROOT; };
		1ECDCF822D8ECF3700123E99 /* SwiftUI.framework */ = {isa = PBXFileReference; lastKnownFileType = wrapper.framework; name = SwiftUI.framework; path = System/Library/Frameworks/SwiftUI.framework; sourceTree = SDKROOT; };
/* End PBXFileReference section */

/* Begin PBXFileSystemSynchronizedBuildFileExceptionSet section */
		1E0DA7102D9E1AB600AE0D31 /* Exceptions for "MotiApp" folder in "MotiTests" target */ = {
			isa = PBXFileSystemSynchronizedBuildFileExceptionSet;
			membershipExceptions = (
				Assets.xcassets,
				"Preview Content/Preview Assets.xcassets",
				Resources/SharedQuotes.swift,
				Utilities/Constants/SharedConstants.swift,
				Utilities/UI/ShareSheet.swift,
			);
			target = 1E41834F2D8EC71300AAEC12 /* MotiTests */;
		};
		1E0DA7112D9E1AB600AE0D31 /* Exceptions for "MotiApp" folder in "MotiUITests" target */ = {
			isa = PBXFileSystemSynchronizedBuildFileExceptionSet;
			membershipExceptions = (
				Assets.xcassets,
				"Preview Content/Preview Assets.xcassets",
				Resources/SharedQuotes.swift,
				Utilities/Constants/SharedConstants.swift,
				Utilities/UI/ShareSheet.swift,
			);
			target = 1E4183592D8EC71300AAEC12 /* MotiUITests */;
		};
		1E0DA7122D9E1AB600AE0D31 /* Exceptions for "MotiApp" folder in "MotiWidgetExtension" target */ = {
			isa = PBXFileSystemSynchronizedBuildFileExceptionSet;
			membershipExceptions = (
				Assets.xcassets,
				"Preview Content/Preview Assets.xcassets",
				Resources/SharedQuotes.swift,
				Utilities/Constants/SharedConstants.swift,
				Utilities/UI/ShareSheet.swift,
			);
			target = 1E21CDED2D93715B000F7451 /* MotiWidgetExtension */;
		};
		1E0DA7312D9E1AE600AE0D31 /* Exceptions for "MotiWidget" folder in "Moti" target */ = {
			isa = PBXFileSystemSynchronizedBuildFileExceptionSet;
			membershipExceptions = (
				Assets.xcassets,
			);
			target = 1E41833F2D8EC71100AAEC12 /* Moti */;
		};
		1E0DA7322D9E1AE600AE0D31 /* Exceptions for "MotiWidget" folder in "MotiTests" target */ = {
			isa = PBXFileSystemSynchronizedBuildFileExceptionSet;
			membershipExceptions = (
				Assets.xcassets,
			);
			target = 1E41834F2D8EC71300AAEC12 /* MotiTests */;
		};
		1E0DA7332D9E1AE600AE0D31 /* Exceptions for "MotiWidget" folder in "MotiUITests" target */ = {
			isa = PBXFileSystemSynchronizedBuildFileExceptionSet;
			membershipExceptions = (
				Assets.xcassets,
			);
			target = 1E4183592D8EC71300AAEC12 /* MotiUITests */;
		};
		1E5EB3BE2D9F49F800E56C10 /* Exceptions for "MotiWidget" folder in "MotiWidgetExtension" target */ = {
			isa = PBXFileSystemSynchronizedBuildFileExceptionSet;
			membershipExceptions = (
				Info.plist,
			);
			target = 1E21CDED2D93715B000F7451 /* MotiWidgetExtension */;
		};
/* End PBXFileSystemSynchronizedBuildFileExceptionSet section */

/* Begin PBXFileSystemSynchronizedRootGroup section */
		1E21CDF12D93715B000F7451 /* MotiWidget */ = {
			isa = PBXFileSystemSynchronizedRootGroup;
			exceptions = (
				1E0DA7312D9E1AE600AE0D31 /* Exceptions for "MotiWidget" folder in "Moti" target */,
				1E0DA7322D9E1AE600AE0D31 /* Exceptions for "MotiWidget" folder in "MotiTests" target */,
				1E0DA7332D9E1AE600AE0D31 /* Exceptions for "MotiWidget" folder in "MotiUITests" target */,
				1E5EB3BE2D9F49F800E56C10 /* Exceptions for "MotiWidget" folder in "MotiWidgetExtension" target */,
			);
			path = MotiWidget;
			sourceTree = "<group>";
		};
		1E4183422D8EC71100AAEC12 /* MotiApp */ = {
			isa = PBXFileSystemSynchronizedRootGroup;
			exceptions = (
				1E0DA7102D9E1AB600AE0D31 /* Exceptions for "MotiApp" folder in "MotiTests" target */,
				1E0DA7112D9E1AB600AE0D31 /* Exceptions for "MotiApp" folder in "MotiUITests" target */,
				1E0DA7122D9E1AB600AE0D31 /* Exceptions for "MotiApp" folder in "MotiWidgetExtension" target */,
			);
			path = MotiApp;
			sourceTree = "<group>";
		};
		1E4183532D8EC71300AAEC12 /* MotiAppTests */ = {
			isa = PBXFileSystemSynchronizedRootGroup;
			path = MotiAppTests;
			sourceTree = "<group>";
		};
		1E41835D2D8EC71300AAEC12 /* MotiAppUITests */ = {
			isa = PBXFileSystemSynchronizedRootGroup;
			path = MotiAppUITests;
			sourceTree = "<group>";
		};
/* End PBXFileSystemSynchronizedRootGroup section */

/* Begin PBXFrameworksBuildPhase section */
		1E21CDEB2D93715B000F7451 /* Frameworks */ = {
			isa = PBXFrameworksBuildPhase;
			buildActionMask = 2147483647;
			files = (
				1E5EB4082D9FCA5100E56C10 /* FirebaseCrashlytics in Frameworks */,
				1E5EB4072D9FCA5100E56C10 /* FirebaseAppCheck in Frameworks */,
				1E5EB4062D9FCA5100E56C10 /* AsyncAlgorithms in Frameworks */,
				1E5EB4052D9FCA5100E56C10 /* FirebaseFirestore in Frameworks */,
				1E5EB4042D9FCA5100E56C10 /* FirebaseCore in Frameworks */,
				1E21CDF02D93715B000F7451 /* SwiftUI.framework in Frameworks */,
				1E21CDEF2D93715B000F7451 /* WidgetKit.framework in Frameworks */,
			);
			runOnlyForDeploymentPostprocessing = 0;
		};
		1E41833D2D8EC71100AAEC12 /* Frameworks */ = {
			isa = PBXFrameworksBuildPhase;
			buildActionMask = 2147483647;
			files = (
				1E0921CA2D97ADC800852F14 /* GoogleMobileAds in Frameworks */,
				1E6A60322D9511A600AD9399 /* AppTrackingTransparency.framework in Frameworks */,
				1E6A60262D94CE8900AD9399 /* FirebaseAnalytics in Frameworks */,
				1E6A602F2D94DA6200AD9399 /* FirebaseCrashlytics in Frameworks */,
				1E0DA7462D9E1D2200AE0D31 /* FirebaseCore in Frameworks */,
				1E6A602D2D94DA3B00AD9399 /* FirebaseAppCheck in Frameworks */,
				1E6A60282D94CE8900AD9399 /* FirebaseFirestore in Frameworks */,
				1EED66E02D9E256100E04C7B /* AsyncAlgorithms in Frameworks */,
			);
			runOnlyForDeploymentPostprocessing = 0;
		};
		1E41834D2D8EC71300AAEC12 /* Frameworks */ = {
			isa = PBXFrameworksBuildPhase;
			buildActionMask = 2147483647;
			files = (
				1EED66DE2D9E255900E04C7B /* AsyncAlgorithms in Frameworks */,
			);
			runOnlyForDeploymentPostprocessing = 0;
		};
		1E4183572D8EC71300AAEC12 /* Frameworks */ = {
			isa = PBXFrameworksBuildPhase;
			buildActionMask = 2147483647;
			files = (
				1E0DA7442D9E1CB000AE0D31 /* AsyncAlgorithms in Frameworks */,
			);
			runOnlyForDeploymentPostprocessing = 0;
		};
/* End PBXFrameworksBuildPhase section */

/* Begin PBXGroup section */
		1E4183372D8EC71100AAEC12 = {
			isa = PBXGroup;
			children = (
				1E0498D42D9BC86B00EE04EC /* index.md */,
				1E6A60302D95103200AD9399 /* Info.plist */,
				1E6A601F2D94CC2800AD9399 /* GoogleService-Info.plist */,
				1E21CE062D937197000F7451 /* MotiWidgetExtension.entitlements */,
				1E61DA2F2D92870E006A63EA /* Moti.entitlements */,
				1E4183422D8EC71100AAEC12 /* MotiApp */,
				1E4183532D8EC71300AAEC12 /* MotiAppTests */,
				1E41835D2D8EC71300AAEC12 /* MotiAppUITests */,
				1E21CDF12D93715B000F7451 /* MotiWidget */,
				1ECDCF7F2D8ECF3600123E99 /* Frameworks */,
				1E4183412D8EC71100AAEC12 /* Products */,
			);
			sourceTree = "<group>";
		};
		1E4183412D8EC71100AAEC12 /* Products */ = {
			isa = PBXGroup;
			children = (
				1E4183402D8EC71100AAEC12 /* Moti.app */,
				1E4183502D8EC71300AAEC12 /* MotiTests.xctest */,
				1E41835A2D8EC71300AAEC12 /* MotiUITests.xctest */,
				1E21CDEE2D93715B000F7451 /* MotiWidgetExtension.appex */,
			);
			name = Products;
			sourceTree = "<group>";
		};
		1ECDCF7F2D8ECF3600123E99 /* Frameworks */ = {
			isa = PBXGroup;
			children = (
				1E93074F2D9E445A00B0C441 /* XCTest.framework */,
				1E6A60312D9511A600AD9399 /* AppTrackingTransparency.framework */,
				1ECDCF802D8ECF3600123E99 /* WidgetKit.framework */,
				1ECDCF822D8ECF3700123E99 /* SwiftUI.framework */,
			);
			name = Frameworks;
			sourceTree = "<group>";
		};
/* End PBXGroup section */

/* Begin PBXNativeTarget section */
		1E21CDED2D93715B000F7451 /* MotiWidgetExtension */ = {
			isa = PBXNativeTarget;
			buildConfigurationList = 1E21CE052D93715C000F7451 /* Build configuration list for PBXNativeTarget "MotiWidgetExtension" */;
			buildPhases = (
				1E21CDEA2D93715B000F7451 /* Sources */,
				1E21CDEB2D93715B000F7451 /* Frameworks */,
				1E21CDEC2D93715B000F7451 /* Resources */,
			);
			buildRules = (
			);
			dependencies = (
			);
			fileSystemSynchronizedGroups = (
				1E21CDF12D93715B000F7451 /* MotiWidget */,
			);
			name = MotiWidgetExtension;
			packageProductDependencies = (
				1E0DA7472D9E1D5100AE0D31 /* FirebaseCore */,
				1E0DA7492D9E1D5100AE0D31 /* FirebaseFirestore */,
				1E0DA74B2D9E1D6000AE0D31 /* AsyncAlgorithms */,
				1E0DA74D2D9E1D9600AE0D31 /* FirebaseAppCheck */,
				1E0DA74F2D9E1D9600AE0D31 /* FirebaseCrashlytics */,
			);
			productName = MotiWidgetExtension;
			productReference = 1E21CDEE2D93715B000F7451 /* MotiWidgetExtension.appex */;
			productType = "com.apple.product-type.app-extension";
		};
		1E41833F2D8EC71100AAEC12 /* Moti */ = {
			isa = PBXNativeTarget;
			buildConfigurationList = 1E4183642D8EC71300AAEC12 /* Build configuration list for PBXNativeTarget "Moti" */;
			buildPhases = (
				1E41833C2D8EC71100AAEC12 /* Sources */,
				1E41833D2D8EC71100AAEC12 /* Frameworks */,
				1E41833E2D8EC71100AAEC12 /* Resources */,
				1ECDCF952D8ECF3A00123E99 /* Embed Foundation Extensions */,
			);
			buildRules = (
			);
			dependencies = (
				1E21CE002D93715C000F7451 /* PBXTargetDependency */,
			);
			fileSystemSynchronizedGroups = (
				1E4183422D8EC71100AAEC12 /* MotiApp */,
			);
			name = Moti;
			packageProductDependencies = (
				1E6A60252D94CE8900AD9399 /* FirebaseAnalytics */,
				1E6A60272D94CE8900AD9399 /* FirebaseFirestore */,
				1E6A602C2D94DA3B00AD9399 /* FirebaseAppCheck */,
				1E6A602E2D94DA6200AD9399 /* FirebaseCrashlytics */,
				1E0921C92D97ADC800852F14 /* GoogleMobileAds */,
				1E0DA7452D9E1D2200AE0D31 /* FirebaseCore */,
				1EED66DF2D9E256100E04C7B /* AsyncAlgorithms */,
			);
			productName = motivationalQuotes;
			productReference = 1E4183402D8EC71100AAEC12 /* Moti.app */;
			productType = "com.apple.product-type.application";
		};
		1E41834F2D8EC71300AAEC12 /* MotiTests */ = {
			isa = PBXNativeTarget;
			buildConfigurationList = 1E4183672D8EC71300AAEC12 /* Build configuration list for PBXNativeTarget "MotiTests" */;
			buildPhases = (
				1E41834C2D8EC71300AAEC12 /* Sources */,
				1E41834D2D8EC71300AAEC12 /* Frameworks */,
				1E41834E2D8EC71300AAEC12 /* Resources */,
			);
			buildRules = (
			);
			dependencies = (
				1E4183522D8EC71300AAEC12 /* PBXTargetDependency */,
			);
			fileSystemSynchronizedGroups = (
				1E4183532D8EC71300AAEC12 /* MotiAppTests */,
			);
			name = MotiTests;
			packageProductDependencies = (
				1EED66DD2D9E255900E04C7B /* AsyncAlgorithms */,
			);
			productName = motivationalQuotesTests;
			productReference = 1E4183502D8EC71300AAEC12 /* MotiTests.xctest */;
			productType = "com.apple.product-type.bundle.unit-test";
		};
		1E4183592D8EC71300AAEC12 /* MotiUITests */ = {
			isa = PBXNativeTarget;
			buildConfigurationList = 1E41836A2D8EC71300AAEC12 /* Build configuration list for PBXNativeTarget "MotiUITests" */;
			buildPhases = (
				1E4183562D8EC71300AAEC12 /* Sources */,
				1E4183572D8EC71300AAEC12 /* Frameworks */,
				1E4183582D8EC71300AAEC12 /* Resources */,
			);
			buildRules = (
			);
			dependencies = (
				1E41835C2D8EC71300AAEC12 /* PBXTargetDependency */,
			);
			fileSystemSynchronizedGroups = (
				1E41835D2D8EC71300AAEC12 /* MotiAppUITests */,
			);
			name = MotiUITests;
			packageProductDependencies = (
				1E0DA7432D9E1CB000AE0D31 /* AsyncAlgorithms */,
			);
			productName = motivationalQuotesUITests;
			productReference = 1E41835A2D8EC71300AAEC12 /* MotiUITests.xctest */;
			productType = "com.apple.product-type.bundle.ui-testing";
		};
/* End PBXNativeTarget section */

/* Begin PBXProject section */
		1E4183382D8EC71100AAEC12 /* Project object */ = {
			isa = PBXProject;
			attributes = {
				BuildIndependentTargetsInParallel = 1;
				LastSwiftUpdateCheck = 1620;
				LastUpgradeCheck = 1630;
				TargetAttributes = {
					1E21CDED2D93715B000F7451 = {
						CreatedOnToolsVersion = 16.2;
					};
					1E41833F2D8EC71100AAEC12 = {
						CreatedOnToolsVersion = 16.2;
					};
					1E41834F2D8EC71300AAEC12 = {
						CreatedOnToolsVersion = 16.2;
						TestTargetID = 1E41833F2D8EC71100AAEC12;
					};
					1E4183592D8EC71300AAEC12 = {
						CreatedOnToolsVersion = 16.2;
						TestTargetID = 1E41833F2D8EC71100AAEC12;
					};
				};
			};
			buildConfigurationList = 1E41833B2D8EC71100AAEC12 /* Build configuration list for PBXProject "Moti" */;
			developmentRegion = en;
			hasScannedForEncodings = 0;
			knownRegions = (
				en,
				Base,
			);
			mainGroup = 1E4183372D8EC71100AAEC12;
			minimizedProjectReferenceProxies = 1;
			packageReferences = (
				1E6A60242D94CE8900AD9399 /* XCRemoteSwiftPackageReference "firebase-ios-sdk" */,
				1E0921C82D97ADC800852F14 /* XCRemoteSwiftPackageReference "swift-package-manager-google-mobile-ads" */,
				1E0DA7422D9E1CB000AE0D31 /* XCRemoteSwiftPackageReference "swift-async-algorithms" */,
			);
			preferredProjectObjectVersion = 77;
			productRefGroup = 1E4183412D8EC71100AAEC12 /* Products */;
			projectDirPath = "";
			projectRoot = "";
			targets = (
				1E41833F2D8EC71100AAEC12 /* Moti */,
				1E41834F2D8EC71300AAEC12 /* MotiTests */,
				1E4183592D8EC71300AAEC12 /* MotiUITests */,
				1E21CDED2D93715B000F7451 /* MotiWidgetExtension */,
			);
		};
/* End PBXProject section */

/* Begin PBXResourcesBuildPhase section */
		1E21CDEC2D93715B000F7451 /* Resources */ = {
			isa = PBXResourcesBuildPhase;
			buildActionMask = 2147483647;
			files = (
				1E6A60202D94CC2800AD9399 /* GoogleService-Info.plist in Resources */,
				1E0498D82D9BC87400EE04EC /* index.md in Resources */,
			);
			runOnlyForDeploymentPostprocessing = 0;
		};
		1E41833E2D8EC71100AAEC12 /* Resources */ = {
			isa = PBXResourcesBuildPhase;
			buildActionMask = 2147483647;
			files = (
				1E6A60222D94CC2800AD9399 /* GoogleService-Info.plist in Resources */,
				1E0498D72D9BC87400EE04EC /* index.md in Resources */,
			);
			runOnlyForDeploymentPostprocessing = 0;
		};
		1E41834E2D8EC71300AAEC12 /* Resources */ = {
			isa = PBXResourcesBuildPhase;
			buildActionMask = 2147483647;
			files = (
				1E6A60232D94CC2800AD9399 /* GoogleService-Info.plist in Resources */,
				1E0498D52D9BC87400EE04EC /* index.md in Resources */,
			);
			runOnlyForDeploymentPostprocessing = 0;
		};
		1E4183582D8EC71300AAEC12 /* Resources */ = {
			isa = PBXResourcesBuildPhase;
			buildActionMask = 2147483647;
			files = (
				1E6A60212D94CC2800AD9399 /* GoogleService-Info.plist in Resources */,
				1E0498D62D9BC87400EE04EC /* index.md in Resources */,
			);
			runOnlyForDeploymentPostprocessing = 0;
		};
/* End PBXResourcesBuildPhase section */

/* Begin PBXSourcesBuildPhase section */
		1E21CDEA2D93715B000F7451 /* Sources */ = {
			isa = PBXSourcesBuildPhase;
			buildActionMask = 2147483647;
			files = (
			);
			runOnlyForDeploymentPostprocessing = 0;
		};
		1E41833C2D8EC71100AAEC12 /* Sources */ = {
			isa = PBXSourcesBuildPhase;
			buildActionMask = 2147483647;
			files = (
			);
			runOnlyForDeploymentPostprocessing = 0;
		};
		1E41834C2D8EC71300AAEC12 /* Sources */ = {
			isa = PBXSourcesBuildPhase;
			buildActionMask = 2147483647;
			files = (
			);
			runOnlyForDeploymentPostprocessing = 0;
		};
		1E4183562D8EC71300AAEC12 /* Sources */ = {
			isa = PBXSourcesBuildPhase;
			buildActionMask = 2147483647;
			files = (
			);
			runOnlyForDeploymentPostprocessing = 0;
		};
/* End PBXSourcesBuildPhase section */

/* Begin PBXTargetDependency section */
		1E21CE002D93715C000F7451 /* PBXTargetDependency */ = {
			isa = PBXTargetDependency;
			target = 1E21CDED2D93715B000F7451 /* MotiWidgetExtension */;
			targetProxy = 1E21CDFF2D93715C000F7451 /* PBXContainerItemProxy */;
		};
		1E4183522D8EC71300AAEC12 /* PBXTargetDependency */ = {
			isa = PBXTargetDependency;
			target = 1E41833F2D8EC71100AAEC12 /* Moti */;
			targetProxy = 1E4183512D8EC71300AAEC12 /* PBXContainerItemProxy */;
		};
		1E41835C2D8EC71300AAEC12 /* PBXTargetDependency */ = {
			isa = PBXTargetDependency;
			target = 1E41833F2D8EC71100AAEC12 /* Moti */;
			targetProxy = 1E41835B2D8EC71300AAEC12 /* PBXContainerItemProxy */;
		};
/* End PBXTargetDependency section */

/* Begin XCBuildConfiguration section */
		1E21CE022D93715C000F7451 /* Debug */ = {
			isa = XCBuildConfiguration;
			buildSettings = {
				ASSETCATALOG_COMPILER_GLOBAL_ACCENT_COLOR_NAME = AccentColor;
				ASSETCATALOG_COMPILER_WIDGET_BACKGROUND_COLOR_NAME = WidgetBackground;
				CODE_SIGN_ENTITLEMENTS = MotiWidgetExtension.entitlements;
				CODE_SIGN_STYLE = Automatic;
				CURRENT_PROJECT_VERSION = 1;
				DEVELOPMENT_TEAM = 9282G9F23C;
				GENERATE_INFOPLIST_FILE = YES;
				INFOPLIST_FILE = MotiWidget/Info.plist;
				INFOPLIST_KEY_CFBundleDisplayName = Moti;
				INFOPLIST_KEY_NSHumanReadableCopyright = "";
				IPHONEOS_DEPLOYMENT_TARGET = 17.6;
				LD_RUNPATH_SEARCH_PATHS = (
					"$(inherited)",
					"@executable_path/Frameworks",
					"@executable_path/../../Frameworks",
				);
				MARKETING_VERSION = 1.0;
				PRODUCT_BUNDLE_IDENTIFIER = com.alexmorrison.moti.widget;
				PRODUCT_NAME = "$(TARGET_NAME)";
				SKIP_INSTALL = YES;
				SWIFT_EMIT_LOC_STRINGS = YES;
				SWIFT_VERSION = 5.0;
				TARGETED_DEVICE_FAMILY = "1,2";
			};
			name = Debug;
		};
		1E21CE032D93715C000F7451 /* Release */ = {
			isa = XCBuildConfiguration;
			buildSettings = {
				ASSETCATALOG_COMPILER_GLOBAL_ACCENT_COLOR_NAME = AccentColor;
				ASSETCATALOG_COMPILER_WIDGET_BACKGROUND_COLOR_NAME = WidgetBackground;
				CODE_SIGN_ENTITLEMENTS = MotiWidgetExtension.entitlements;
				CODE_SIGN_STYLE = Automatic;
				CURRENT_PROJECT_VERSION = 1;
				DEVELOPMENT_TEAM = 9282G9F23C;
				GENERATE_INFOPLIST_FILE = YES;
				INFOPLIST_FILE = MotiWidget/Info.plist;
				INFOPLIST_KEY_CFBundleDisplayName = Moti;
				INFOPLIST_KEY_NSHumanReadableCopyright = "";
				IPHONEOS_DEPLOYMENT_TARGET = 17.6;
				LD_RUNPATH_SEARCH_PATHS = (
					"$(inherited)",
					"@executable_path/Frameworks",
					"@executable_path/../../Frameworks",
				);
				MARKETING_VERSION = 1.0;
				PRODUCT_BUNDLE_IDENTIFIER = com.alexmorrison.moti.widget;
				PRODUCT_NAME = "$(TARGET_NAME)";
				SKIP_INSTALL = YES;
				SWIFT_EMIT_LOC_STRINGS = YES;
				SWIFT_VERSION = 5.0;
				TARGETED_DEVICE_FAMILY = "1,2";
			};
			name = Release;
		};
		1E4183622D8EC71300AAEC12 /* Debug */ = {
			isa = XCBuildConfiguration;
			buildSettings = {
				ALWAYS_SEARCH_USER_PATHS = NO;
				ASSETCATALOG_COMPILER_GENERATE_SWIFT_ASSET_SYMBOL_EXTENSIONS = YES;
				CLANG_ANALYZER_NONNULL = YES;
				CLANG_ANALYZER_NUMBER_OBJECT_CONVERSION = YES_AGGRESSIVE;
				CLANG_CXX_LANGUAGE_STANDARD = "gnu++20";
				CLANG_ENABLE_MODULES = YES;
				CLANG_ENABLE_OBJC_ARC = YES;
				CLANG_ENABLE_OBJC_WEAK = YES;
				CLANG_WARN_BLOCK_CAPTURE_AUTORELEASING = YES;
				CLANG_WARN_BOOL_CONVERSION = YES;
				CLANG_WARN_COMMA = YES;
				CLANG_WARN_CONSTANT_CONVERSION = YES;
				CLANG_WARN_DEPRECATED_OBJC_IMPLEMENTATIONS = YES;
				CLANG_WARN_DIRECT_OBJC_ISA_USAGE = YES_ERROR;
				CLANG_WARN_DOCUMENTATION_COMMENTS = YES;
				CLANG_WARN_EMPTY_BODY = YES;
				CLANG_WARN_ENUM_CONVERSION = YES;
				CLANG_WARN_INFINITE_RECURSION = YES;
				CLANG_WARN_INT_CONVERSION = YES;
				CLANG_WARN_NON_LITERAL_NULL_CONVERSION = YES;
				CLANG_WARN_OBJC_IMPLICIT_RETAIN_SELF = YES;
				CLANG_WARN_OBJC_LITERAL_CONVERSION = YES;
				CLANG_WARN_OBJC_ROOT_CLASS = YES_ERROR;
				CLANG_WARN_QUOTED_INCLUDE_IN_FRAMEWORK_HEADER = YES;
				CLANG_WARN_RANGE_LOOP_ANALYSIS = YES;
				CLANG_WARN_STRICT_PROTOTYPES = YES;
				CLANG_WARN_SUSPICIOUS_MOVE = YES;
				CLANG_WARN_UNGUARDED_AVAILABILITY = YES_AGGRESSIVE;
				CLANG_WARN_UNREACHABLE_CODE = YES;
				CLANG_WARN__DUPLICATE_METHOD_MATCH = YES;
				COPY_PHASE_STRIP = NO;
				DEBUG_INFORMATION_FORMAT = dwarf;
				ENABLE_STRICT_OBJC_MSGSEND = YES;
				ENABLE_TESTABILITY = YES;
				ENABLE_USER_SCRIPT_SANDBOXING = YES;
				GCC_C_LANGUAGE_STANDARD = gnu17;
				GCC_DYNAMIC_NO_PIC = NO;
				GCC_NO_COMMON_BLOCKS = YES;
				GCC_OPTIMIZATION_LEVEL = 0;
				GCC_PREPROCESSOR_DEFINITIONS = (
					"DEBUG=1",
					"$(inherited)",
				);
				GCC_WARN_64_TO_32_BIT_CONVERSION = YES;
				GCC_WARN_ABOUT_RETURN_TYPE = YES_ERROR;
				GCC_WARN_UNDECLARED_SELECTOR = YES;
				GCC_WARN_UNINITIALIZED_AUTOS = YES_AGGRESSIVE;
				GCC_WARN_UNUSED_FUNCTION = YES;
				GCC_WARN_UNUSED_VARIABLE = YES;
				IPHONEOS_DEPLOYMENT_TARGET = 18.2;
				LOCALIZATION_PREFERS_STRING_CATALOGS = YES;
				MTL_ENABLE_DEBUG_INFO = INCLUDE_SOURCE;
				MTL_FAST_MATH = YES;
				ONLY_ACTIVE_ARCH = YES;
				SDKROOT = iphoneos;
				SWIFT_ACTIVE_COMPILATION_CONDITIONS = "DEBUG $(inherited)";
				SWIFT_OPTIMIZATION_LEVEL = "-Onone";
			};
			name = Debug;
		};
		1E4183632D8EC71300AAEC12 /* Release */ = {
			isa = XCBuildConfiguration;
			buildSettings = {
				ALWAYS_SEARCH_USER_PATHS = NO;
				ASSETCATALOG_COMPILER_GENERATE_SWIFT_ASSET_SYMBOL_EXTENSIONS = YES;
				CLANG_ANALYZER_NONNULL = YES;
				CLANG_ANALYZER_NUMBER_OBJECT_CONVERSION = YES_AGGRESSIVE;
				CLANG_CXX_LANGUAGE_STANDARD = "gnu++20";
				CLANG_ENABLE_MODULES = YES;
				CLANG_ENABLE_OBJC_ARC = YES;
				CLANG_ENABLE_OBJC_WEAK = YES;
				CLANG_WARN_BLOCK_CAPTURE_AUTORELEASING = YES;
				CLANG_WARN_BOOL_CONVERSION = YES;
				CLANG_WARN_COMMA = YES;
				CLANG_WARN_CONSTANT_CONVERSION = YES;
				CLANG_WARN_DEPRECATED_OBJC_IMPLEMENTATIONS = YES;
				CLANG_WARN_DIRECT_OBJC_ISA_USAGE = YES_ERROR;
				CLANG_WARN_DOCUMENTATION_COMMENTS = YES;
				CLANG_WARN_EMPTY_BODY = YES;
				CLANG_WARN_ENUM_CONVERSION = YES;
				CLANG_WARN_INFINITE_RECURSION = YES;
				CLANG_WARN_INT_CONVERSION = YES;
				CLANG_WARN_NON_LITERAL_NULL_CONVERSION = YES;
				CLANG_WARN_OBJC_IMPLICIT_RETAIN_SELF = YES;
				CLANG_WARN_OBJC_LITERAL_CONVERSION = YES;
				CLANG_WARN_OBJC_ROOT_CLASS = YES_ERROR;
				CLANG_WARN_QUOTED_INCLUDE_IN_FRAMEWORK_HEADER = YES;
				CLANG_WARN_RANGE_LOOP_ANALYSIS = YES;
				CLANG_WARN_STRICT_PROTOTYPES = YES;
				CLANG_WARN_SUSPICIOUS_MOVE = YES;
				CLANG_WARN_UNGUARDED_AVAILABILITY = YES_AGGRESSIVE;
				CLANG_WARN_UNREACHABLE_CODE = YES;
				CLANG_WARN__DUPLICATE_METHOD_MATCH = YES;
				COPY_PHASE_STRIP = NO;
				DEBUG_INFORMATION_FORMAT = "dwarf-with-dsym";
				ENABLE_NS_ASSERTIONS = NO;
				ENABLE_STRICT_OBJC_MSGSEND = YES;
				ENABLE_USER_SCRIPT_SANDBOXING = YES;
				GCC_C_LANGUAGE_STANDARD = gnu17;
				GCC_NO_COMMON_BLOCKS = YES;
				GCC_WARN_64_TO_32_BIT_CONVERSION = YES;
				GCC_WARN_ABOUT_RETURN_TYPE = YES_ERROR;
				GCC_WARN_UNDECLARED_SELECTOR = YES;
				GCC_WARN_UNINITIALIZED_AUTOS = YES_AGGRESSIVE;
				GCC_WARN_UNUSED_FUNCTION = YES;
				GCC_WARN_UNUSED_VARIABLE = YES;
				IPHONEOS_DEPLOYMENT_TARGET = 18.2;
				LOCALIZATION_PREFERS_STRING_CATALOGS = YES;
				MTL_ENABLE_DEBUG_INFO = NO;
				MTL_FAST_MATH = YES;
				SDKROOT = iphoneos;
				SWIFT_COMPILATION_MODE = wholemodule;
				VALIDATE_PRODUCT = YES;
			};
			name = Release;
		};
		1E4183652D8EC71300AAEC12 /* Debug */ = {
			isa = XCBuildConfiguration;
			buildSettings = {
				ASSETCATALOG_COMPILER_APPICON_NAME = AppIcon;
				ASSETCATALOG_COMPILER_GLOBAL_ACCENT_COLOR_NAME = AccentColor;
				CODE_SIGN_ENTITLEMENTS = Moti/Moti.entitlements;
				CODE_SIGN_STYLE = Automatic;
				CURRENT_PROJECT_VERSION = 1;
				DEVELOPMENT_ASSET_PATHS = "\"MotiApp/Preview Content\"";
				DEVELOPMENT_TEAM = 9282G9F23C;
				ENABLE_PREVIEWS = YES;
				GENERATE_INFOPLIST_FILE = YES;
				INFOPLIST_FILE = Moti/Info.plist;
				INFOPLIST_KEY_UIApplicationSceneManifest_Generation = YES;
				INFOPLIST_KEY_UIApplicationSupportsIndirectInputEvents = YES;
				INFOPLIST_KEY_UILaunchScreen_Generation = YES;
				INFOPLIST_KEY_UISupportedInterfaceOrientations_iPad = "UIInterfaceOrientationPortrait UIInterfaceOrientationPortraitUpsideDown UIInterfaceOrientationLandscapeLeft UIInterfaceOrientationLandscapeRight";
				INFOPLIST_KEY_UISupportedInterfaceOrientations_iPhone = "UIInterfaceOrientationPortrait UIInterfaceOrientationLandscapeLeft UIInterfaceOrientationLandscapeRight";
				IPHONEOS_DEPLOYMENT_TARGET = 17.6;
				LD_RUNPATH_SEARCH_PATHS = (
					"$(inherited)",
					"@executable_path/Frameworks",
				);
				MARKETING_VERSION = 1.0;
				PRODUCT_BUNDLE_IDENTIFIER = com.alexmorrison.moti;
				PRODUCT_NAME = "$(TARGET_NAME)";
				SWIFT_EMIT_LOC_STRINGS = YES;
				SWIFT_VERSION = 5.0;
				TARGETED_DEVICE_FAMILY = "1,2";
			};
			name = Debug;
		};
		1E4183662D8EC71300AAEC12 /* Release */ = {
			isa = XCBuildConfiguration;
			buildSettings = {
				ASSETCATALOG_COMPILER_APPICON_NAME = AppIcon;
				ASSETCATALOG_COMPILER_GLOBAL_ACCENT_COLOR_NAME = AccentColor;
				CODE_SIGN_ENTITLEMENTS = Moti/Moti.entitlements;
				CODE_SIGN_STYLE = Automatic;
				CURRENT_PROJECT_VERSION = 1;
				DEVELOPMENT_ASSET_PATHS = "\"MotiApp/Preview Content\"";
				DEVELOPMENT_TEAM = 9282G9F23C;
				ENABLE_PREVIEWS = YES;
				GENERATE_INFOPLIST_FILE = YES;
				INFOPLIST_FILE = Moti/Info.plist;
				INFOPLIST_KEY_UIApplicationSceneManifest_Generation = YES;
				INFOPLIST_KEY_UIApplicationSupportsIndirectInputEvents = YES;
				INFOPLIST_KEY_UILaunchScreen_Generation = YES;
				INFOPLIST_KEY_UISupportedInterfaceOrientations_iPad = "UIInterfaceOrientationPortrait UIInterfaceOrientationPortraitUpsideDown UIInterfaceOrientationLandscapeLeft UIInterfaceOrientationLandscapeRight";
				INFOPLIST_KEY_UISupportedInterfaceOrientations_iPhone = "UIInterfaceOrientationPortrait UIInterfaceOrientationLandscapeLeft UIInterfaceOrientationLandscapeRight";
				IPHONEOS_DEPLOYMENT_TARGET = 17.6;
				LD_RUNPATH_SEARCH_PATHS = (
					"$(inherited)",
					"@executable_path/Frameworks",
				);
				MARKETING_VERSION = 1.0;
				PRODUCT_BUNDLE_IDENTIFIER = com.alexmorrison.moti;
				PRODUCT_NAME = "$(TARGET_NAME)";
				SWIFT_EMIT_LOC_STRINGS = YES;
				SWIFT_VERSION = 5.0;
				TARGETED_DEVICE_FAMILY = "1,2";
			};
			name = Release;
		};
		1E4183682D8EC71300AAEC12 /* Debug */ = {
			isa = XCBuildConfiguration;
			buildSettings = {
				BUNDLE_LOADER = "$(TEST_HOST)";
				CODE_SIGN_STYLE = Automatic;
				CURRENT_PROJECT_VERSION = 1;
				GENERATE_INFOPLIST_FILE = YES;
				IPHONEOS_DEPLOYMENT_TARGET = 17.6;
				MARKETING_VERSION = 1.0;
				PRODUCT_BUNDLE_IDENTIFIER = com.motivationalQuotesTests;
				PRODUCT_NAME = "$(TARGET_NAME)";
				SWIFT_EMIT_LOC_STRINGS = NO;
				SWIFT_VERSION = 5.0;
				TARGETED_DEVICE_FAMILY = "1,2";
				TEST_HOST = "$(BUILT_PRODUCTS_DIR)/Moti.app/$(BUNDLE_EXECUTABLE_FOLDER_PATH)/Moti";
			};
			name = Debug;
		};
		1E4183692D8EC71300AAEC12 /* Release */ = {
			isa = XCBuildConfiguration;
			buildSettings = {
				BUNDLE_LOADER = "$(TEST_HOST)";
				CODE_SIGN_STYLE = Automatic;
				CURRENT_PROJECT_VERSION = 1;
				GENERATE_INFOPLIST_FILE = YES;
				IPHONEOS_DEPLOYMENT_TARGET = 17.6;
				MARKETING_VERSION = 1.0;
				PRODUCT_BUNDLE_IDENTIFIER = com.motivationalQuotesTests;
				PRODUCT_NAME = "$(TARGET_NAME)";
				SWIFT_EMIT_LOC_STRINGS = NO;
				SWIFT_VERSION = 5.0;
				TARGETED_DEVICE_FAMILY = "1,2";
				TEST_HOST = "$(BUILT_PRODUCTS_DIR)/Moti.app/$(BUNDLE_EXECUTABLE_FOLDER_PATH)/Moti";
			};
			name = Release;
		};
		1E41836B2D8EC71300AAEC12 /* Debug */ = {
			isa = XCBuildConfiguration;
			buildSettings = {
				CODE_SIGN_STYLE = Automatic;
				CURRENT_PROJECT_VERSION = 1;
				GENERATE_INFOPLIST_FILE = YES;
				IPHONEOS_DEPLOYMENT_TARGET = 17.6;
				MARKETING_VERSION = 1.0;
				PRODUCT_BUNDLE_IDENTIFIER = com.motivationalQuotesUITests;
				PRODUCT_NAME = "$(TARGET_NAME)";
				SWIFT_EMIT_LOC_STRINGS = NO;
				SWIFT_VERSION = 5.0;
				TARGETED_DEVICE_FAMILY = "1,2";
				TEST_TARGET_NAME = motivationalQuotes;
			};
			name = Debug;
		};
		1E41836C2D8EC71300AAEC12 /* Release */ = {
			isa = XCBuildConfiguration;
			buildSettings = {
				CODE_SIGN_STYLE = Automatic;
				CURRENT_PROJECT_VERSION = 1;
				GENERATE_INFOPLIST_FILE = YES;
				IPHONEOS_DEPLOYMENT_TARGET = 17.6;
				MARKETING_VERSION = 1.0;
				PRODUCT_BUNDLE_IDENTIFIER = com.motivationalQuotesUITests;
				PRODUCT_NAME = "$(TARGET_NAME)";
				SWIFT_EMIT_LOC_STRINGS = NO;
				SWIFT_VERSION = 5.0;
				TARGETED_DEVICE_FAMILY = "1,2";
				TEST_TARGET_NAME = motivationalQuotes;
			};
			name = Release;
		};
/* End XCBuildConfiguration section */

/* Begin XCConfigurationList section */
		1E21CE052D93715C000F7451 /* Build configuration list for PBXNativeTarget "MotiWidgetExtension" */ = {
			isa = XCConfigurationList;
			buildConfigurations = (
				1E21CE022D93715C000F7451 /* Debug */,
				1E21CE032D93715C000F7451 /* Release */,
			);
			defaultConfigurationIsVisible = 0;
			defaultConfigurationName = Release;
		};
		1E41833B2D8EC71100AAEC12 /* Build configuration list for PBXProject "Moti" */ = {
			isa = XCConfigurationList;
			buildConfigurations = (
				1E4183622D8EC71300AAEC12 /* Debug */,
				1E4183632D8EC71300AAEC12 /* Release */,
			);
			defaultConfigurationIsVisible = 0;
			defaultConfigurationName = Release;
		};
		1E4183642D8EC71300AAEC12 /* Build configuration list for PBXNativeTarget "Moti" */ = {
			isa = XCConfigurationList;
			buildConfigurations = (
				1E4183652D8EC71300AAEC12 /* Debug */,
				1E4183662D8EC71300AAEC12 /* Release */,
			);
			defaultConfigurationIsVisible = 0;
			defaultConfigurationName = Release;
		};
		1E4183672D8EC71300AAEC12 /* Build configuration list for PBXNativeTarget "MotiTests" */ = {
			isa = XCConfigurationList;
			buildConfigurations = (
				1E4183682D8EC71300AAEC12 /* Debug */,
				1E4183692D8EC71300AAEC12 /* Release */,
			);
			defaultConfigurationIsVisible = 0;
			defaultConfigurationName = Release;
		};
		1E41836A2D8EC71300AAEC12 /* Build configuration list for PBXNativeTarget "MotiUITests" */ = {
			isa = XCConfigurationList;
			buildConfigurations = (
				1E41836B2D8EC71300AAEC12 /* Debug */,
				1E41836C2D8EC71300AAEC12 /* Release */,
			);
			defaultConfigurationIsVisible = 0;
			defaultConfigurationName = Release;
		};
/* End XCConfigurationList section */

/* Begin XCRemoteSwiftPackageReference section */
		1E0921C82D97ADC800852F14 /* XCRemoteSwiftPackageReference "swift-package-manager-google-mobile-ads" */ = {
			isa = XCRemoteSwiftPackageReference;
			repositoryURL = "https://github.com/googleads/swift-package-manager-google-mobile-ads.git";
			requirement = {
				kind = upToNextMajorVersion;
				minimumVersion = 12.2.0;
			};
		};
		1E0DA7422D9E1CB000AE0D31 /* XCRemoteSwiftPackageReference "swift-async-algorithms" */ = {
			isa = XCRemoteSwiftPackageReference;
			repositoryURL = "https://github.com/apple/swift-async-algorithms.git";
			requirement = {
				kind = upToNextMajorVersion;
				minimumVersion = 1.0.3;
			};
		};
		1E6A60242D94CE8900AD9399 /* XCRemoteSwiftPackageReference "firebase-ios-sdk" */ = {
			isa = XCRemoteSwiftPackageReference;
			repositoryURL = "https://github.com/firebase/firebase-ios-sdk.git";
			requirement = {
				kind = upToNextMajorVersion;
				minimumVersion = 11.10.0;
			};
		};
/* End XCRemoteSwiftPackageReference section */

/* Begin XCSwiftPackageProductDependency section */
		1E0921C92D97ADC800852F14 /* GoogleMobileAds */ = {
			isa = XCSwiftPackageProductDependency;
			package = 1E0921C82D97ADC800852F14 /* XCRemoteSwiftPackageReference "swift-package-manager-google-mobile-ads" */;
			productName = GoogleMobileAds;
		};
		1E0DA7432D9E1CB000AE0D31 /* AsyncAlgorithms */ = {
			isa = XCSwiftPackageProductDependency;
			package = 1E0DA7422D9E1CB000AE0D31 /* XCRemoteSwiftPackageReference "swift-async-algorithms" */;
			productName = AsyncAlgorithms;
		};
		1E0DA7452D9E1D2200AE0D31 /* FirebaseCore */ = {
			isa = XCSwiftPackageProductDependency;
			package = 1E6A60242D94CE8900AD9399 /* XCRemoteSwiftPackageReference "firebase-ios-sdk" */;
			productName = FirebaseCore;
		};
		1E0DA7472D9E1D5100AE0D31 /* FirebaseCore */ = {
			isa = XCSwiftPackageProductDependency;
			productName = FirebaseCore;
		};
		1E0DA7492D9E1D5100AE0D31 /* FirebaseFirestore */ = {
			isa = XCSwiftPackageProductDependency;
			productName = FirebaseFirestore;
		};
		1E0DA74B2D9E1D6000AE0D31 /* AsyncAlgorithms */ = {
			isa = XCSwiftPackageProductDependency;
			package = 1E0DA7422D9E1CB000AE0D31 /* XCRemoteSwiftPackageReference "swift-async-algorithms" */;
			productName = AsyncAlgorithms;
		};
		1E0DA74D2D9E1D9600AE0D31 /* FirebaseAppCheck */ = {
			isa = XCSwiftPackageProductDependency;
			productName = FirebaseAppCheck;
		};
		1E0DA74F2D9E1D9600AE0D31 /* FirebaseCrashlytics */ = {
			isa = XCSwiftPackageProductDependency;
			productName = FirebaseCrashlytics;
		};
		1E6A60252D94CE8900AD9399 /* FirebaseAnalytics */ = {
			isa = XCSwiftPackageProductDependency;
			package = 1E6A60242D94CE8900AD9399 /* XCRemoteSwiftPackageReference "firebase-ios-sdk" */;
			productName = FirebaseAnalytics;
		};
		1E6A60272D94CE8900AD9399 /* FirebaseFirestore */ = {
			isa = XCSwiftPackageProductDependency;
			package = 1E6A60242D94CE8900AD9399 /* XCRemoteSwiftPackageReference "firebase-ios-sdk" */;
			productName = FirebaseFirestore;
		};
		1E6A602C2D94DA3B00AD9399 /* FirebaseAppCheck */ = {
			isa = XCSwiftPackageProductDependency;
			package = 1E6A60242D94CE8900AD9399 /* XCRemoteSwiftPackageReference "firebase-ios-sdk" */;
			productName = FirebaseAppCheck;
		};
		1E6A602E2D94DA6200AD9399 /* FirebaseCrashlytics */ = {
			isa = XCSwiftPackageProductDependency;
			package = 1E6A60242D94CE8900AD9399 /* XCRemoteSwiftPackageReference "firebase-ios-sdk" */;
			productName = FirebaseCrashlytics;
		};
		1EED66DD2D9E255900E04C7B /* AsyncAlgorithms */ = {
			isa = XCSwiftPackageProductDependency;
			package = 1E0DA7422D9E1CB000AE0D31 /* XCRemoteSwiftPackageReference "swift-async-algorithms" */;
			productName = AsyncAlgorithms;
		};
		1EED66DF2D9E256100E04C7B /* AsyncAlgorithms */ = {
			isa = XCSwiftPackageProductDependency;
			package = 1E0DA7422D9E1CB000AE0D31 /* XCRemoteSwiftPackageReference "swift-async-algorithms" */;
			productName = AsyncAlgorithms;
		};
/* End XCSwiftPackageProductDependency section */
	};
	rootObject = 1E4183382D8EC71100AAEC12 /* Project object */;
}
